// !$*UTF8*$!
{
	archiveVersion = 1;
	classes = {
	};
	objectVersion = 51;
	objects = {

/* Begin PBXBuildFile section */
		3024301625607F0E0091AA31 /* PokemonModel.swift in Sources */ = {isa = PBXBuildFile; fileRef = 3024301525607F0E0091AA31 /* PokemonModel.swift */; };
		302430192560835A0091AA31 /* CardPokemon.swift in Sources */ = {isa = PBXBuildFile; fileRef = 302430182560835A0091AA31 /* CardPokemon.swift */; };
		3060E5D625608C390096B4DA /* pokedex.json in Resources */ = {isa = PBXBuildFile; fileRef = 3060E5D525608C390096B4DA /* pokedex.json */; };
		30D8B52025498E7E0064EBAB /* PokedexChallengeApp.swift in Sources */ = {isa = PBXBuildFile; fileRef = 30D8B51F25498E7E0064EBAB /* PokedexChallengeApp.swift */; };
		30D8B52225498E7E0064EBAB /* ContentView.swift in Sources */ = {isa = PBXBuildFile; fileRef = 30D8B52125498E7E0064EBAB /* ContentView.swift */; };
		30D8B52425498E800064EBAB /* Assets.xcassets in Resources */ = {isa = PBXBuildFile; fileRef = 30D8B52325498E800064EBAB /* Assets.xcassets */; };
		30D8B52725498E800064EBAB /* Preview Assets.xcassets in Resources */ = {isa = PBXBuildFile; fileRef = 30D8B52625498E800064EBAB /* Preview Assets.xcassets */; };
		30E44D402554441600D6A78B /* PokedexModel.swift in Sources */ = {isa = PBXBuildFile; fileRef = 30E44D3F2554441600D6A78B /* PokedexModel.swift */; };
		D0A906A208D96B09699852D0 /* Pods_PokedexChallenge.framework in Frameworks */ = {isa = PBXBuildFile; fileRef = A8A599663B8610E808855D3F /* Pods_PokedexChallenge.framework */; };
/* End PBXBuildFile section */

/* Begin PBXFileReference section */
		3024301525607F0E0091AA31 /* PokemonModel.swift */ = {isa = PBXFileReference; lastKnownFileType = sourcecode.swift; path = PokemonModel.swift; sourceTree = "<group>"; };
		302430182560835A0091AA31 /* CardPokemon.swift */ = {isa = PBXFileReference; lastKnownFileType = sourcecode.swift; path = CardPokemon.swift; sourceTree = "<group>"; };
		3060E5D525608C390096B4DA /* pokedex.json */ = {isa = PBXFileReference; fileEncoding = 4; lastKnownFileType = text.json; path = pokedex.json; sourceTree = "<group>"; };
		30D8B51C25498E7E0064EBAB /* PokedexChallenge.app */ = {isa = PBXFileReference; explicitFileType = wrapper.application; includeInIndex = 0; path = PokedexChallenge.app; sourceTree = BUILT_PRODUCTS_DIR; };
		30D8B51F25498E7E0064EBAB /* PokedexChallengeApp.swift */ = {isa = PBXFileReference; lastKnownFileType = sourcecode.swift; path = PokedexChallengeApp.swift; sourceTree = "<group>"; };
		30D8B52125498E7E0064EBAB /* ContentView.swift */ = {isa = PBXFileReference; lastKnownFileType = sourcecode.swift; path = ContentView.swift; sourceTree = "<group>"; };
		30D8B52325498E800064EBAB /* Assets.xcassets */ = {isa = PBXFileReference; lastKnownFileType = folder.assetcatalog; path = Assets.xcassets; sourceTree = "<group>"; };
		30D8B52625498E800064EBAB /* Preview Assets.xcassets */ = {isa = PBXFileReference; lastKnownFileType = folder.assetcatalog; path = "Preview Assets.xcassets"; sourceTree = "<group>"; };
		30D8B52825498E800064EBAB /* Info.plist */ = {isa = PBXFileReference; lastKnownFileType = text.plist.xml; path = Info.plist; sourceTree = "<group>"; };
		30E44D3F2554441600D6A78B /* PokedexModel.swift */ = {isa = PBXFileReference; lastKnownFileType = sourcecode.swift; path = PokedexModel.swift; sourceTree = "<group>"; };
		7B2C3E1B03A9B936F0FBB3D0 /* Pods-PokedexChallenge.debug.xcconfig */ = {isa = PBXFileReference; includeInIndex = 1; lastKnownFileType = text.xcconfig; name = "Pods-PokedexChallenge.debug.xcconfig"; path = "Target Support Files/Pods-PokedexChallenge/Pods-PokedexChallenge.debug.xcconfig"; sourceTree = "<group>"; };
		98CA2FBF54551F33399BCCDA /* Pods-PokedexChallenge.release.xcconfig */ = {isa = PBXFileReference; includeInIndex = 1; lastKnownFileType = text.xcconfig; name = "Pods-PokedexChallenge.release.xcconfig"; path = "Target Support Files/Pods-PokedexChallenge/Pods-PokedexChallenge.release.xcconfig"; sourceTree = "<group>"; };
		A8A599663B8610E808855D3F /* Pods_PokedexChallenge.framework */ = {isa = PBXFileReference; explicitFileType = wrapper.framework; includeInIndex = 0; path = Pods_PokedexChallenge.framework; sourceTree = BUILT_PRODUCTS_DIR; };
/* End PBXFileReference section */

/* Begin PBXFrameworksBuildPhase section */
		30D8B51925498E7E0064EBAB /* Frameworks */ = {
			isa = PBXFrameworksBuildPhase;
			buildActionMask = 2147483647;
			files = (
				D0A906A208D96B09699852D0 /* Pods_PokedexChallenge.framework in Frameworks */,
			);
			runOnlyForDeploymentPostprocessing = 0;
		};
/* End PBXFrameworksBuildPhase section */

/* Begin PBXGroup section */
		28E2D9BD62DB46A8F630D986 /* Pods */ = {
			isa = PBXGroup;
			children = (
				7B2C3E1B03A9B936F0FBB3D0 /* Pods-PokedexChallenge.debug.xcconfig */,
				98CA2FBF54551F33399BCCDA /* Pods-PokedexChallenge.release.xcconfig */,
			);
			path = Pods;
			sourceTree = "<group>";
		};
		30D8B51325498E7E0064EBAB = {
			isa = PBXGroup;
			children = (
				30D8B51E25498E7E0064EBAB /* PokedexChallenge */,
				30D8B51D25498E7E0064EBAB /* Products */,
				28E2D9BD62DB46A8F630D986 /* Pods */,
				41DA7A6917FB20B5588BA0B6 /* Frameworks */,
			);
			sourceTree = "<group>";
		};
		30D8B51D25498E7E0064EBAB /* Products */ = {
			isa = PBXGroup;
			children = (
				30D8B51C25498E7E0064EBAB /* PokedexChallenge.app */,
			);
			name = Products;
			sourceTree = "<group>";
		};
		30D8B51E25498E7E0064EBAB /* PokedexChallenge */ = {
			isa = PBXGroup;
			children = (
				30D8B52125498E7E0064EBAB /* ContentView.swift */,
				30D8B51F25498E7E0064EBAB /* PokedexChallengeApp.swift */,
				30D8B53225498FC10064EBAB /* Utils */,
				30D8B53025498F9C0064EBAB /* Model */,
				30D8B53125498FA30064EBAB /* Service */,
				30D8B52F25498F840064EBAB /* Views */,
				30D8B52325498E800064EBAB /* Assets.xcassets */,
				30D8B52825498E800064EBAB /* Info.plist */,
				30D8B52525498E800064EBAB /* Preview Content */,
			);
			path = PokedexChallenge;
			sourceTree = "<group>";
		};
		30D8B52525498E800064EBAB /* Preview Content */ = {
			isa = PBXGroup;
			children = (
				30D8B52625498E800064EBAB /* Preview Assets.xcassets */,
			);
			path = "Preview Content";
			sourceTree = "<group>";
		};
		30D8B52F25498F840064EBAB /* Views */ = {
			isa = PBXGroup;
			children = (
			);
			path = Views;
			sourceTree = "<group>";
		};
		30D8B53025498F9C0064EBAB /* Model */ = {
			isa = PBXGroup;
			children = (
				30E44D3F2554441600D6A78B /* PokedexModel.swift */,
				3024301525607F0E0091AA31 /* PokemonModel.swift */,
			);
			path = Model;
			sourceTree = "<group>";
		};
		30D8B53125498FA30064EBAB /* Service */ = {
			isa = PBXGroup;
			children = (
			);
			path = Service;
			sourceTree = "<group>";
		};
		30D8B53225498FC10064EBAB /* Utils */ = {
			isa = PBXGroup;
			children = (
				3060E5D525608C390096B4DA /* pokedex.json */,
				302430182560835A0091AA31 /* CardPokemon.swift */,
			);
			path = Utils;
			sourceTree = "<group>";
		};
		41DA7A6917FB20B5588BA0B6 /* Frameworks */ = {
			isa = PBXGroup;
			children = (
				A8A599663B8610E808855D3F /* Pods_PokedexChallenge.framework */,
			);
			name = Frameworks;
			sourceTree = "<group>";
		};
/* End PBXGroup section */

/* Begin PBXNativeTarget section */
		30D8B51B25498E7E0064EBAB /* PokedexChallenge */ = {
			isa = PBXNativeTarget;
			buildConfigurationList = 30D8B52B25498E800064EBAB /* Build configuration list for PBXNativeTarget "PokedexChallenge" */;
			buildPhases = (
				0AA04F7746F394459F644E72 /* [CP] Check Pods Manifest.lock */,
				30D8B51825498E7E0064EBAB /* Sources */,
				30D8B51925498E7E0064EBAB /* Frameworks */,
				30D8B51A25498E7E0064EBAB /* Resources */,
				B2EE1442F0637B6060B56B81 /* [CP] Embed Pods Frameworks */,
			);
			buildRules = (
			);
			dependencies = (
			);
			name = PokedexChallenge;
			productName = PokedexChallenge;
			productReference = 30D8B51C25498E7E0064EBAB /* PokedexChallenge.app */;
			productType = "com.apple.product-type.application";
		};
/* End PBXNativeTarget section */

/* Begin PBXProject section */
		30D8B51425498E7E0064EBAB /* Project object */ = {
			isa = PBXProject;
			attributes = {
				LastSwiftUpdateCheck = 1210;
				LastUpgradeCheck = 1210;
				TargetAttributes = {
					30D8B51B25498E7E0064EBAB = {
						CreatedOnToolsVersion = 12.1;
					};
				};
			};
			buildConfigurationList = 30D8B51725498E7E0064EBAB /* Build configuration list for PBXProject "PokedexChallenge" */;
			compatibilityVersion = "Xcode 9.3";
			developmentRegion = en;
			hasScannedForEncodings = 0;
			knownRegions = (
				en,
				Base,
			);
			mainGroup = 30D8B51325498E7E0064EBAB;
			productRefGroup = 30D8B51D25498E7E0064EBAB /* Products */;
			projectDirPath = "";
			projectRoot = "";
			targets = (
				30D8B51B25498E7E0064EBAB /* PokedexChallenge */,
			);
		};
/* End PBXProject section */

/* Begin PBXResourcesBuildPhase section */
		30D8B51A25498E7E0064EBAB /* Resources */ = {
			isa = PBXResourcesBuildPhase;
			buildActionMask = 2147483647;
			files = (
				3060E5D625608C390096B4DA /* pokedex.json in Resources */,
				30D8B52725498E800064EBAB /* Preview Assets.xcassets in Resources */,
				30D8B52425498E800064EBAB /* Assets.xcassets in Resources */,
			);
			runOnlyForDeploymentPostprocessing = 0;
		};
/* End PBXResourcesBuildPhase section */

/* Begin PBXShellScriptBuildPhase section */
		0AA04F7746F394459F644E72 /* [CP] Check Pods Manifest.lock */ = {
			isa = PBXShellScriptBuildPhase;
			buildActionMask = 2147483647;
			files = (
			);
			inputFileListPaths = (
			);
			inputPaths = (
				"${PODS_PODFILE_DIR_PATH}/Podfile.lock",
				"${PODS_ROOT}/Manifest.lock",
			);
			name = "[CP] Check Pods Manifest.lock";
			outputFileListPaths = (
			);
			outputPaths = (
				"$(DERIVED_FILE_DIR)/Pods-PokedexChallenge-checkManifestLockResult.txt",
			);
			runOnlyForDeploymentPostprocessing = 0;
			shellPath = /bin/sh;
			shellScript = "diff \"${PODS_PODFILE_DIR_PATH}/Podfile.lock\" \"${PODS_ROOT}/Manifest.lock\" > /dev/null\nif [ $? != 0 ] ; then\n    # print error to STDERR\n    echo \"error: The sandbox is not in sync with the Podfile.lock. Run 'pod install' or update your CocoaPods installation.\" >&2\n    exit 1\nfi\n# This output is used by Xcode 'outputs' to avoid re-running this script phase.\necho \"SUCCESS\" > \"${SCRIPT_OUTPUT_FILE_0}\"\n";
			showEnvVarsInLog = 0;
		};
		B2EE1442F0637B6060B56B81 /* [CP] Embed Pods Frameworks */ = {
			isa = PBXShellScriptBuildPhase;
			buildActionMask = 2147483647;
			files = (
			);
			inputFileListPaths = (
				"${PODS_ROOT}/Target Support Files/Pods-PokedexChallenge/Pods-PokedexChallenge-frameworks-${CONFIGURATION}-input-files.xcfilelist",
			);
			name = "[CP] Embed Pods Frameworks";
			outputFileListPaths = (
				"${PODS_ROOT}/Target Support Files/Pods-PokedexChallenge/Pods-PokedexChallenge-frameworks-${CONFIGURATION}-output-files.xcfilelist",
			);
			runOnlyForDeploymentPostprocessing = 0;
			shellPath = /bin/sh;
			shellScript = "\"${PODS_ROOT}/Target Support Files/Pods-PokedexChallenge/Pods-PokedexChallenge-frameworks.sh\"\n";
			showEnvVarsInLog = 0;
		};
/* End PBXShellScriptBuildPhase section */

/* Begin PBXSourcesBuildPhase section */
		30D8B51825498E7E0064EBAB /* Sources */ = {
			isa = PBXSourcesBuildPhase;
			buildActionMask = 2147483647;
			files = (
				30D8B52225498E7E0064EBAB /* ContentView.swift in Sources */,
				302430192560835A0091AA31 /* CardPokemon.swift in Sources */,
				30E44D402554441600D6A78B /* PokedexModel.swift in Sources */,
				30D8B52025498E7E0064EBAB /* PokedexChallengeApp.swift in Sources */,
				3024301625607F0E0091AA31 /* PokemonModel.swift in Sources */,
			);
			runOnlyForDeploymentPostprocessing = 0;
		};
/* End PBXSourcesBuildPhase section */

/* Begin XCBuildConfiguration section */
		30D8B52925498E800064EBAB /* Debug */ = {
			isa = XCBuildConfiguration;
			buildSettings = {
				ALWAYS_SEARCH_USER_PATHS = NO;
				CLANG_ANALYZER_NONNULL = YES;
				CLANG_ANALYZER_NUMBER_OBJECT_CONVERSION = YES_AGGRESSIVE;
				CLANG_CXX_LANGUAGE_STANDARD = "gnu++14";
				CLANG_CXX_LIBRARY = "libc++";
				CLANG_ENABLE_MODULES = YES;
				CLANG_ENABLE_OBJC_ARC = YES;
				CLANG_ENABLE_OBJC_WEAK = YES;
				CLANG_WARN_BLOCK_CAPTURE_AUTORELEASING = YES;
				CLANG_WARN_BOOL_CONVERSION = YES;
				CLANG_WARN_COMMA = YES;
				CLANG_WARN_CONSTANT_CONVERSION = YES;
				CLANG_WARN_DEPRECATED_OBJC_IMPLEMENTATIONS = YES;
				CLANG_WARN_DIRECT_OBJC_ISA_USAGE = YES_ERROR;
				CLANG_WARN_DOCUMENTATION_COMMENTS = YES;
				CLANG_WARN_EMPTY_BODY = YES;
				CLANG_WARN_ENUM_CONVERSION = YES;
				CLANG_WARN_INFINITE_RECURSION = YES;
				CLANG_WARN_INT_CONVERSION = YES;
				CLANG_WARN_NON_LITERAL_NULL_CONVERSION = YES;
				CLANG_WARN_OBJC_IMPLICIT_RETAIN_SELF = YES;
				CLANG_WARN_OBJC_LITERAL_CONVERSION = YES;
				CLANG_WARN_OBJC_ROOT_CLASS = YES_ERROR;
				CLANG_WARN_QUOTED_INCLUDE_IN_FRAMEWORK_HEADER = YES;
				CLANG_WARN_RANGE_LOOP_ANALYSIS = YES;
				CLANG_WARN_STRICT_PROTOTYPES = YES;
				CLANG_WARN_SUSPICIOUS_MOVE = YES;
				CLANG_WARN_UNGUARDED_AVAILABILITY = YES_AGGRESSIVE;
				CLANG_WARN_UNREACHABLE_CODE = YES;
				CLANG_WARN__DUPLICATE_METHOD_MATCH = YES;
				COPY_PHASE_STRIP = NO;
				DEBUG_INFORMATION_FORMAT = dwarf;
				ENABLE_STRICT_OBJC_MSGSEND = YES;
				ENABLE_TESTABILITY = YES;
				GCC_C_LANGUAGE_STANDARD = gnu11;
				GCC_DYNAMIC_NO_PIC = NO;
				GCC_NO_COMMON_BLOCKS = YES;
				GCC_OPTIMIZATION_LEVEL = 0;
				GCC_PREPROCESSOR_DEFINITIONS = (
					"DEBUG=1",
					"$(inherited)",
				);
				GCC_WARN_64_TO_32_BIT_CONVERSION = YES;
				GCC_WARN_ABOUT_RETURN_TYPE = YES_ERROR;
				GCC_WARN_UNDECLARED_SELECTOR = YES;
				GCC_WARN_UNINITIALIZED_AUTOS = YES_AGGRESSIVE;
				GCC_WARN_UNUSED_FUNCTION = YES;
				GCC_WARN_UNUSED_VARIABLE = YES;
				IPHONEOS_DEPLOYMENT_TARGET = 14.1;
				MTL_ENABLE_DEBUG_INFO = INCLUDE_SOURCE;
				MTL_FAST_MATH = YES;
				ONLY_ACTIVE_ARCH = YES;
				SDKROOT = iphoneos;
				SWIFT_ACTIVE_COMPILATION_CONDITIONS = DEBUG;
				SWIFT_OPTIMIZATION_LEVEL = "-Onone";
			};
			name = Debug;
		};
		30D8B52A25498E800064EBAB /* Release */ = {
			isa = XCBuildConfiguration;
			buildSettings = {
				ALWAYS_SEARCH_USER_PATHS = NO;
				CLANG_ANALYZER_NONNULL = YES;
				CLANG_ANALYZER_NUMBER_OBJECT_CONVERSION = YES_AGGRESSIVE;
				CLANG_CXX_LANGUAGE_STANDARD = "gnu++14";
				CLANG_CXX_LIBRARY = "libc++";
				CLANG_ENABLE_MODULES = YES;
				CLANG_ENABLE_OBJC_ARC = YES;
				CLANG_ENABLE_OBJC_WEAK = YES;
				CLANG_WARN_BLOCK_CAPTURE_AUTORELEASING = YES;
				CLANG_WARN_BOOL_CONVERSION = YES;
				CLANG_WARN_COMMA = YES;
				CLANG_WARN_CONSTANT_CONVERSION = YES;
				CLANG_WARN_DEPRECATED_OBJC_IMPLEMENTATIONS = YES;
				CLANG_WARN_DIRECT_OBJC_ISA_USAGE = YES_ERROR;
				CLANG_WARN_DOCUMENTATION_COMMENTS = YES;
				CLANG_WARN_EMPTY_BODY = YES;
				CLANG_WARN_ENUM_CONVERSION = YES;
				CLANG_WARN_INFINITE_RECURSION = YES;
				CLANG_WARN_INT_CONVERSION = YES;
				CLANG_WARN_NON_LITERAL_NULL_CONVERSION = YES;
				CLANG_WARN_OBJC_IMPLICIT_RETAIN_SELF = YES;
				CLANG_WARN_OBJC_LITERAL_CONVERSION = YES;
				CLANG_WARN_OBJC_ROOT_CLASS = YES_ERROR;
				CLANG_WARN_QUOTED_INCLUDE_IN_FRAMEWORK_HEADER = YES;
				CLANG_WARN_RANGE_LOOP_ANALYSIS = YES;
				CLANG_WARN_STRICT_PROTOTYPES = YES;
				CLANG_WARN_SUSPICIOUS_MOVE = YES;
				CLANG_WARN_UNGUARDED_AVAILABILITY = YES_AGGRESSIVE;
				CLANG_WARN_UNREACHABLE_CODE = YES;
				CLANG_WARN__DUPLICATE_METHOD_MATCH = YES;
				COPY_PHASE_STRIP = NO;
				DEBUG_INFORMATION_FORMAT = "dwarf-with-dsym";
				ENABLE_NS_ASSERTIONS = NO;
				ENABLE_STRICT_OBJC_MSGSEND = YES;
				GCC_C_LANGUAGE_STANDARD = gnu11;
				GCC_NO_COMMON_BLOCKS = YES;
				GCC_WARN_64_TO_32_BIT_CONVERSION = YES;
				GCC_WARN_ABOUT_RETURN_TYPE = YES_ERROR;
				GCC_WARN_UNDECLARED_SELECTOR = YES;
				GCC_WARN_UNINITIALIZED_AUTOS = YES_AGGRESSIVE;
				GCC_WARN_UNUSED_FUNCTION = YES;
				GCC_WARN_UNUSED_VARIABLE = YES;
				IPHONEOS_DEPLOYMENT_TARGET = 14.1;
				MTL_ENABLE_DEBUG_INFO = NO;
				MTL_FAST_MATH = YES;
				SDKROOT = iphoneos;
				SWIFT_COMPILATION_MODE = wholemodule;
				SWIFT_OPTIMIZATION_LEVEL = "-O";
				VALIDATE_PRODUCT = YES;
			};
			name = Release;
		};
		30D8B52C25498E800064EBAB /* Debug */ = {
			isa = XCBuildConfiguration;
			baseConfigurationReference = 7B2C3E1B03A9B936F0FBB3D0 /* Pods-PokedexChallenge.debug.xcconfig */;
			buildSettings = {
				ASSETCATALOG_COMPILER_APPICON_NAME = AppIcon;
				ASSETCATALOG_COMPILER_GLOBAL_ACCENT_COLOR_NAME = AccentColor;
				CODE_SIGN_STYLE = Automatic;
				DEVELOPMENT_ASSET_PATHS = "\"PokedexChallenge/Preview Content\"";
				DEVELOPMENT_TEAM = 34KZBHS44B;
				ENABLE_PREVIEWS = YES;
				INFOPLIST_FILE = PokedexChallenge/Info.plist;
				IPHONEOS_DEPLOYMENT_TARGET = 14.0;
				LD_RUNPATH_SEARCH_PATHS = (
					"$(inherited)",
					"@executable_path/Frameworks",
				);
				PRODUCT_BUNDLE_IDENTIFIER = "Apple-Developer-Academy-PUC-RIO.PokedexChallenge";
				PRODUCT_NAME = "$(TARGET_NAME)";
				SWIFT_VERSION = 5.0;
				TARGETED_DEVICE_FAMILY = "1,2";
			};
			name = Debug;
		};
		30D8B52D25498E800064EBAB /* Release */ = {
			isa = XCBuildConfiguration;
			baseConfigurationReference = 98CA2FBF54551F33399BCCDA /* Pods-PokedexChallenge.release.xcconfig */;
			buildSettings = {
				ASSETCATALOG_COMPILER_APPICON_NAME = AppIcon;
				ASSETCATALOG_COMPILER_GLOBAL_ACCENT_COLOR_NAME = AccentColor;
				CODE_SIGN_STYLE = Automatic;
				DEVELOPMENT_ASSET_PATHS = "\"PokedexChallenge/Preview Content\"";
				DEVELOPMENT_TEAM = 34KZBHS44B;
				ENABLE_PREVIEWS = YES;
				INFOPLIST_FILE = PokedexChallenge/Info.plist;
				IPHONEOS_DEPLOYMENT_TARGET = 14.0;
				LD_RUNPATH_SEARCH_PATHS = (
					"$(inherited)",
					"@executable_path/Frameworks",
				);
				PRODUCT_BUNDLE_IDENTIFIER = "Apple-Developer-Academy-PUC-RIO.PokedexChallenge";
				PRODUCT_NAME = "$(TARGET_NAME)";
				SWIFT_VERSION = 5.0;
				TARGETED_DEVICE_FAMILY = "1,2";
			};
			name = Release;
		};
/* End XCBuildConfiguration section */

/* Begin XCConfigurationList section */
		30D8B51725498E7E0064EBAB /* Build configuration list for PBXProject "PokedexChallenge" */ = {
			isa = XCConfigurationList;
			buildConfigurations = (
				30D8B52925498E800064EBAB /* Debug */,
				30D8B52A25498E800064EBAB /* Release */,
			);
			defaultConfigurationIsVisible = 0;
			defaultConfigurationName = Release;
		};
		30D8B52B25498E800064EBAB /* Build configuration list for PBXNativeTarget "PokedexChallenge" */ = {
			isa = XCConfigurationList;
			buildConfigurations = (
				30D8B52C25498E800064EBAB /* Debug */,
				30D8B52D25498E800064EBAB /* Release */,
			);
			defaultConfigurationIsVisible = 0;
			defaultConfigurationName = Release;
		};
/* End XCConfigurationList section */
	};
	rootObject = 30D8B51425498E7E0064EBAB /* Project object */;
}
